
Microsoft Visual Studio Solution File, Format Version 12.00
# Visual Studio 14
VisualStudioVersion = 14.0.25420.1
MinimumVisualStudioVersion = 10.0.40219.1
Project("{FAE04EC0-301F-11D3-BF4B-00C04F79EFBC}") = "SalaryslipKata.Src", "SalaryslipKata\SalaryslipKata.Src\SalaryslipKata.Src.csproj", "{BBCC253A-96C0-4D7B-9A04-39B6844451AB}"
EndProject
Project("{FAE04EC0-301F-11D3-BF4B-00C04F79EFBC}") = "SalaryslipKata.Test", "SalaryslipKata\SalaryslipKata.Test\SalaryslipKata.Test.csproj", "{7F0C88A5-E5C7-408B-B4F8-0070ED32347D}"
EndProject
Global
	GlobalSection(SolutionConfigurationPlatforms) = preSolution
		Debug|Any CPU = Debug|Any CPU
		Release|Any CPU = Release|Any CPU
	EndGlobalSection
	GlobalSection(ProjectConfigurationPlatforms) = postSolution
		{BBCC253A-96C0-4D7B-9A04-39B6844451AB}.Debug|Any CPU.ActiveCfg = Debug|Any CPU
		{BBCC253A-96C0-4D7B-9A04-39B6844451AB}.Debug|Any CPU.Build.0 = Debug|Any CPU
		{BBCC253A-96C0-4D7B-9A04-39B6844451AB}.Release|Any CPU.ActiveCfg = Release|Any CPU
		{BBCC253A-96C0-4D7B-9A04-39B6844451AB}.Release|Any CPU.Build.0 = Release|Any CPU
		{7F0C88A5-E5C7-408B-B4F8-0070ED32347D}.Debug|Any CPU.ActiveCfg = Debug|Any CPU
		{7F0C88A5-E5C7-408B-B4F8-0070ED32347D}.Debug|Any CPU.Build.0 = Debug|Any CPU
		{7F0C88A5-E5C7-408B-B4F8-0070ED32347D}.Release|Any CPU.ActiveCfg = Release|Any CPU
		{7F0C88A5-E5C7-408B-B4F8-0070ED32347D}.Release|Any CPU.Build.0 = Release|Any CPU
	EndGlobalSection
	GlobalSection(SolutionProperties) = preSolution
		HideSolutionNode = FALSE
	EndGlobalSection
EndGlobal
